// !$*UTF8*$!
{
	archiveVersion = 1;
	classes = {
	};
	objectVersion = 56;
	objects = {

/* Begin PBXBuildFile section */
		AA000001 /* FancisApp.swift in Sources */ = {isa = PBXBuildFile; fileRef = AA100001 /* FancisApp.swift */; };
		AA000002 /* Cafe.swift in Sources */ = {isa = PBXBuildFile; fileRef = AA100002 /* Cafe.swift */; };
		AA000003 /* MockData.swift in Sources */ = {isa = PBXBuildFile; fileRef = AA100003 /* MockData.swift */; };
		AA000004 /* CafeViewModel.swift in Sources */ = {isa = PBXBuildFile; fileRef = AA100004 /* CafeViewModel.swift */; };
		AA000005 /* LocationViewModel.swift in Sources */ = {isa = PBXBuildFile; fileRef = AA100005 /* LocationViewModel.swift */; };
		AA000006 /* FancisTheme.swift in Sources */ = {isa = PBXBuildFile; fileRef = AA100006 /* FancisTheme.swift */; };
		AA000007 /* MainTabView.swift in Sources */ = {isa = PBXBuildFile; fileRef = AA100007 /* MainTabView.swift */; };
		AA000008 /* DiscoverView.swift in Sources */ = {isa = PBXBuildFile; fileRef = AA100008 /* DiscoverView.swift */; };
		AA000009 /* CafeMapPinView.swift in Sources */ = {isa = PBXBuildFile; fileRef = AA100009 /* CafeMapPinView.swift */; };
		AA000010 /* CafePreviewCard.swift in Sources */ = {isa = PBXBuildFile; fileRef = AA100010 /* CafePreviewCard.swift */; };
		AA000011 /* CafeDetailView.swift in Sources */ = {isa = PBXBuildFile; fileRef = AA100011 /* CafeDetailView.swift */; };
		AA000012 /* DishCardView.swift in Sources */ = {isa = PBXBuildFile; fileRef = AA100012 /* DishCardView.swift */; };
		AA000013 /* ReviewCardView.swift in Sources */ = {isa = PBXBuildFile; fileRef = AA100013 /* ReviewCardView.swift */; };
		AA000014 /* WriteReviewView.swift in Sources */ = {isa = PBXBuildFile; fileRef = AA100014 /* WriteReviewView.swift */; };
		AA000015 /* FavoritesView.swift in Sources */ = {isa = PBXBuildFile; fileRef = AA100015 /* FavoritesView.swift */; };
		AA000016 /* CafeListView.swift in Sources */ = {isa = PBXBuildFile; fileRef = AA100016 /* CafeListView.swift */; };
		AA000017 /* ProfileView.swift in Sources */ = {isa = PBXBuildFile; fileRef = AA100017 /* ProfileView.swift */; };
		AA000018 /* StarRatingView.swift in Sources */ = {isa = PBXBuildFile; fileRef = AA100018 /* StarRatingView.swift */; };
		AA000019 /* CategoryChipView.swift in Sources */ = {isa = PBXBuildFile; fileRef = AA100019 /* CategoryChipView.swift */; };
		AA000020 /* ViralBadgeView.swift in Sources */ = {isa = PBXBuildFile; fileRef = AA100020 /* ViralBadgeView.swift */; };
		AA000021 /* CafeAvatarView.swift in Sources */ = {isa = PBXBuildFile; fileRef = AA100021 /* CafeAvatarView.swift */; };
		AA000022 /* Assets.xcassets in Resources */ = {isa = PBXBuildFile; fileRef = AA100022 /* Assets.xcassets */; };
		AA000023 /* Info.plist in Resources */ = {isa = PBXBuildFile; fileRef = AA100023 /* Info.plist */; };
/* End PBXBuildFile section */

/* Begin PBXFileReference section */
		AA100001 /* FancisApp.swift */ = {isa = PBXFileReference; lastKnownFileType = sourcecode.swift; path = FancisApp.swift; sourceTree = "<group>"; };
		AA100002 /* Cafe.swift */ = {isa = PBXFileReference; lastKnownFileType = sourcecode.swift; path = Cafe.swift; sourceTree = "<group>"; };
		AA100003 /* MockData.swift */ = {isa = PBXFileReference; lastKnownFileType = sourcecode.swift; path = MockData.swift; sourceTree = "<group>"; };
		AA100004 /* CafeViewModel.swift */ = {isa = PBXFileReference; lastKnownFileType = sourcecode.swift; path = CafeViewModel.swift; sourceTree = "<group>"; };
		AA100005 /* LocationViewModel.swift */ = {isa = PBXFileReference; lastKnownFileType = sourcecode.swift; path = LocationViewModel.swift; sourceTree = "<group>"; };
		AA100006 /* FancisTheme.swift */ = {isa = PBXFileReference; lastKnownFileType = sourcecode.swift; path = FancisTheme.swift; sourceTree = "<group>"; };
		AA100007 /* MainTabView.swift */ = {isa = PBXFileReference; lastKnownFileType = sourcecode.swift; path = MainTabView.swift; sourceTree = "<group>"; };
		AA100008 /* DiscoverView.swift */ = {isa = PBXFileReference; lastKnownFileType = sourcecode.swift; path = DiscoverView.swift; sourceTree = "<group>"; };
		AA100009 /* CafeMapPinView.swift */ = {isa = PBXFileReference; lastKnownFileType = sourcecode.swift; path = CafeMapPinView.swift; sourceTree = "<group>"; };
		AA100010 /* CafePreviewCard.swift */ = {isa = PBXFileReference; lastKnownFileType = sourcecode.swift; path = CafePreviewCard.swift; sourceTree = "<group>"; };
		AA100011 /* CafeDetailView.swift */ = {isa = PBXFileReference; lastKnownFileType = sourcecode.swift; path = CafeDetailView.swift; sourceTree = "<group>"; };
		AA100012 /* DishCardView.swift */ = {isa = PBXFileReference; lastKnownFileType = sourcecode.swift; path = DishCardView.swift; sourceTree = "<group>"; };
		AA100013 /* ReviewCardView.swift */ = {isa = PBXFileReference; lastKnownFileType = sourcecode.swift; path = ReviewCardView.swift; sourceTree = "<group>"; };
		AA100014 /* WriteReviewView.swift */ = {isa = PBXFileReference; lastKnownFileType = sourcecode.swift; path = WriteReviewView.swift; sourceTree = "<group>"; };
		AA100015 /* FavoritesView.swift */ = {isa = PBXFileReference; lastKnownFileType = sourcecode.swift; path = FavoritesView.swift; sourceTree = "<group>"; };
		AA100016 /* CafeListView.swift */ = {isa = PBXFileReference; lastKnownFileType = sourcecode.swift; path = CafeListView.swift; sourceTree = "<group>"; };
		AA100017 /* ProfileView.swift */ = {isa = PBXFileReference; lastKnownFileType = sourcecode.swift; path = ProfileView.swift; sourceTree = "<group>"; };
		AA100018 /* StarRatingView.swift */ = {isa = PBXFileReference; lastKnownFileType = sourcecode.swift; path = StarRatingView.swift; sourceTree = "<group>"; };
		AA100019 /* CategoryChipView.swift */ = {isa = PBXFileReference; lastKnownFileType = sourcecode.swift; path = CategoryChipView.swift; sourceTree = "<group>"; };
		AA100020 /* ViralBadgeView.swift */ = {isa = PBXFileReference; lastKnownFileType = sourcecode.swift; path = ViralBadgeView.swift; sourceTree = "<group>"; };
		AA100021 /* CafeAvatarView.swift */ = {isa = PBXFileReference; lastKnownFileType = sourcecode.swift; path = CafeAvatarView.swift; sourceTree = "<group>"; };
		AA100022 /* Assets.xcassets */ = {isa = PBXFileReference; lastKnownFileType = folder.assetcatalog; path = Assets.xcassets; sourceTree = "<group>"; };
		AA100023 /* Info.plist */ = {isa = PBXFileReference; lastKnownFileType = text.plist.xml; path = Info.plist; sourceTree = "<group>"; };
		AA200001 /* Fancis.app */ = {isa = PBXFileReference; explicitFileType = wrapper.application; includeInIndex = 0; path = Fancis.app; sourceTree = BUILT_PRODUCTS_DIR; };
/* End PBXFileReference section */

/* Begin PBXFrameworksBuildPhase section */
		AA300001 /* Frameworks */ = {
			isa = PBXFrameworksBuildPhase;
			buildActionMask = 2147483647;
			files = (
			);
			runOnlyForDeploymentPostprocessing = 0;
		};
/* End PBXFrameworksBuildPhase section */

/* Begin PBXGroup section */
		AA400001 /* Products */ = {
			isa = PBXGroup;
			children = (
				AA200001 /* Fancis.app */,
			);
			name = Products;
			sourceTree = "<group>";
		};
		AA400002 /* Fancis */ = {
			isa = PBXGroup;
			children = (
				AA100001 /* FancisApp.swift */,
				AA100023 /* Info.plist */,
				AA100022 /* Assets.xcassets */,
				AA400010 /* Models */,
				AA400011 /* ViewModels */,
				AA400012 /* Views */,
			);
			path = Fancis;
			sourceTree = "<group>";
		};
		AA400010 /* Models */ = {
			isa = PBXGroup;
			children = (
				AA100002 /* Cafe.swift */,
				AA100003 /* MockData.swift */,
			);
			path = Models;
			sourceTree = "<group>";
		};
		AA400011 /* ViewModels */ = {
			isa = PBXGroup;
			children = (
				AA100004 /* CafeViewModel.swift */,
				AA100005 /* LocationViewModel.swift */,
			);
			path = ViewModels;
			sourceTree = "<group>";
		};
		AA400012 /* Views */ = {
			isa = PBXGroup;
			children = (
				AA400013 /* Theme */,
				AA400014 /* Main */,
				AA400015 /* Discover */,
				AA400016 /* Detail */,
				AA400017 /* Favorites */,
				AA400018 /* List */,
				AA400019 /* Profile */,
				AA400020 /* Components */,
			);
			path = Views;
			sourceTree = "<group>";
		};
		AA400013 /* Theme */ = {
			isa = PBXGroup;
			children = (
				AA100006 /* FancisTheme.swift */,
			);
			path = Theme;
			sourceTree = "<group>";
		};
		AA400014 /* Main */ = {
			isa = PBXGroup;
			children = (
				AA100007 /* MainTabView.swift */,
			);
			path = Main;
			sourceTree = "<group>";
		};
		AA400015 /* Discover */ = {
			isa = PBXGroup;
			children = (
				AA100008 /* DiscoverView.swift */,
				AA100009 /* CafeMapPinView.swift */,
				AA100010 /* CafePreviewCard.swift */,
			);
			path = Discover;
			sourceTree = "<group>";
		};
		AA400016 /* Detail */ = {
			isa = PBXGroup;
			children = (
				AA100011 /* CafeDetailView.swift */,
				AA100012 /* DishCardView.swift */,
				AA100013 /* ReviewCardView.swift */,
				AA100014 /* WriteReviewView.swift */,
			);
			path = Detail;
			sourceTree = "<group>";
		};
		AA400017 /* Favorites */ = {
			isa = PBXGroup;
			children = (
				AA100015 /* FavoritesView.swift */,
			);
			path = Favorites;
			sourceTree = "<group>";
		};
		AA400018 /* List */ = {
			isa = PBXGroup;
			children = (
				AA100016 /* CafeListView.swift */,
			);
			path = List;
			sourceTree = "<group>";
		};
		AA400019 /* Profile */ = {
			isa = PBXGroup;
			children = (
				AA100017 /* ProfileView.swift */,
			);
			path = Profile;
			sourceTree = "<group>";
		};
		AA400020 /* Components */ = {
			isa = PBXGroup;
			children = (
				AA100018 /* StarRatingView.swift */,
				AA100019 /* CategoryChipView.swift */,
				AA100020 /* ViralBadgeView.swift */,
				AA100021 /* CafeAvatarView.swift */,
			);
			path = Components;
			sourceTree = "<group>";
		};
		AA500001 = {
			isa = PBXGroup;
			children = (
				AA400002 /* Fancis */,
				AA400001 /* Products */,
			);
			sourceTree = "<group>";
		};
/* End PBXGroup section */

/* Begin PBXNativeTarget section */
		AA600001 /* Fancis */ = {
			isa = PBXNativeTarget;
			buildConfigurationList = AA700002 /* Build configuration list for PBXNativeTarget "Fancis" */;
			buildPhases = (
				AA800001 /* Sources */,
				AA300001 /* Frameworks */,
				AA800002 /* Resources */,
			);
			buildRules = (
			);
			dependencies = (
			);
			name = Fancis;
			productName = Fancis;
			productReference = AA200001 /* Fancis.app */;
			productType = "com.apple.product-type.application";
		};
/* End PBXNativeTarget section */

/* Begin PBXProject section */
		AA900001 /* Project object */ = {
			isa = PBXProject;
			attributes = {
				BuildIndependentTargetsInParallel = 1;
				LastSwiftUpdateCheck = 1500;
				LastUpgradeCheck = 1500;
				TargetAttributes = {
					AA600001 = {
						CreatedOnToolsVersion = 15.0;
					};
				};
			};
			buildConfigurationList = AA700001 /* Build configuration list for PBXProject "Fancis" */;
			compatibilityVersion = "Xcode 14.0";
			developmentRegion = de;
			hasScannedForEncodings = 0;
			knownRegions = (
				de,
				en,
				Base,
			);
			mainGroup = AA500001;
			productRefGroup = AA400001 /* Products */;
			projectDirPath = "";
			projectRoot = "";
			targets = (
				AA600001 /* Fancis */,
			);
		};
/* End PBXProject section */

/* Begin PBXResourcesBuildPhase section */
		AA800002 /* Resources */ = {
			isa = PBXResourcesBuildPhase;
			buildActionMask = 2147483647;
			files = (
				AA000022 /* Assets.xcassets in Resources */,
			);
			runOnlyForDeploymentPostprocessing = 0;
		};
/* End PBXResourcesBuildPhase section */

/* Begin PBXSourcesBuildPhase section */
		AA800001 /* Sources */ = {
			isa = PBXSourcesBuildPhase;
			buildActionMask = 2147483647;
			files = (
				AA000001 /* FancisApp.swift in Sources */,
				AA000002 /* Cafe.swift in Sources */,
				AA000003 /* MockData.swift in Sources */,
				AA000004 /* CafeViewModel.swift in Sources */,
				AA000005 /* LocationViewModel.swift in Sources */,
				AA000006 /* FancisTheme.swift in Sources */,
				AA000007 /* MainTabView.swift in Sources */,
				AA000008 /* DiscoverView.swift in Sources */,
				AA000009 /* CafeMapPinView.swift in Sources */,
				AA000010 /* CafePreviewCard.swift in Sources */,
				AA000011 /* CafeDetailView.swift in Sources */,
				AA000012 /* DishCardView.swift in Sources */,
				AA000013 /* ReviewCardView.swift in Sources */,
				AA000014 /* WriteReviewView.swift in Sources */,
				AA000015 /* FavoritesView.swift in Sources */,
				AA000016 /* CafeListView.swift in Sources */,
				AA000017 /* ProfileView.swift in Sources */,
				AA000018 /* StarRatingView.swift in Sources */,
				AA000019 /* CategoryChipView.swift in Sources */,
				AA000020 /* ViralBadgeView.swift in Sources */,
				AA000021 /* CafeAvatarView.swift in Sources */,
			);
			runOnlyForDeploymentPostprocessing = 0;
		};
/* End PBXSourcesBuildPhase section */

/* Begin XCBuildConfiguration section */
		AA700010 /* Debug */ = {
			isa = XCBuildConfiguration;
			buildSettings = {
				ALWAYS_SEARCH_USER_PATHS = NO;
				ASSETCATALOG_COMPILER_GENERATE_SWIFT_ASSET_SYMBOL_EXTENSIONS = YES;
				CLANG_ANALYZER_NONNULL = YES;
				CLANG_ANALYZER_NUMBER_OBJECT_CONVERSION = YES_AGGRESSIVE;
				CLANG_CXX_LANGUAGE_STANDARD = "gnu++20";
				CLANG_ENABLE_MODULES = YES;
				CLANG_ENABLE_OBJC_ARC = YES;
				CLANG_ENABLE_OBJC_WEAK = YES;
				CLANG_WARN_BLOCK_CAPTURE_AUTORELEASING = YES;
				CLANG_WARN_BOOL_CONVERSION = YES;
				CLANG_WARN_COMMA = YES;
				CLANG_WARN_CONSTANT_CONVERSION = YES;
				CLANG_WARN_DEPRECATED_OBJC_IMPLEMENTATIONS = YES;
				CLANG_WARN_DIRECT_OBJC_ISA_USAGE = YES_ERROR;
				CLANG_WARN_DOCUMENTATION_COMMENTS = YES;
				CLANG_WARN_EMPTY_BODY = YES;
				CLANG_WARN_ENUM_CONVERSION = YES;
				CLANG_WARN_INFINITE_RECURSION = YES;
				CLANG_WARN_INT_CONVERSION = YES;
				CLANG_WARN_NON_LITERAL_NULL_CONVERSION = YES;
				CLANG_WARN_OBJC_IMPLICIT_RETAIN_CYCLE = YES;
				CLANG_WARN_OBJC_LITERAL_CONVERSION = YES;
				CLANG_WARN_OBJC_ROOT_CLASS = YES_ERROR;
				CLANG_WARN_QUOTED_INCLUDE_IN_FRAMEWORK_HEADER = YES;
				CLANG_WARN_RANGE_LOOP_ANALYSIS = YES;
				CLANG_WARN_STRICT_PROTOTYPES = YES;
				CLANG_WARN_SUSPICIOUS_MOVE = YES;
				CLANG_WARN_UNGUARDED_AVAILABILITY = YES_AGGRESSIVE;
				CLANG_WARN_UNREACHABLE_CODE = YES;
				CLANG_WARN__DUPLICATE_METHOD_MATCH = YES;
				COPY_PHASE_STRIP = NO;
				DEBUG_INFORMATION_FORMAT = dwarf;
				ENABLE_STRICT_OBJC_MSGSEND = YES;
				ENABLE_TESTABILITY = YES;
				ENABLE_USER_SCRIPT_SANDBOXING = YES;
				GCC_C_LANGUAGE_STANDARD = gnu17;
				GCC_DYNAMIC_NO_PIC = NO;
				GCC_NO_COMMON_BLOCKS = YES;
				GCC_OPTIMIZATION_LEVEL = 0;
				GCC_PREPROCESSOR_DEFINITIONS = (
					"DEBUG=1",
					"$(inherited)",
				);
				GCC_WARN_64_TO_32_BIT_CONVERSION = YES;
				GCC_WARN_ABOUT_RETURN_TYPE = YES_ERROR;
				GCC_WARN_UNDECLARED_SELECTOR = YES;
				GCC_WARN_UNINITIALIZED_AUTOS = YES_AGGRESSIVE;
				GCC_WARN_UNUSED_FUNCTION = YES;
				GCC_WARN_UNUSED_VARIABLE = YES;
				IPHONEOS_DEPLOYMENT_TARGET = 17.0;
				MTL_ENABLE_DEBUG_INFO = INCLUDE_SOURCE;
				MTL_FAST_MATH = YES;
				ONLY_ACTIVE_ARCH = YES;
				SDKROOT = iphoneos;
				SWIFT_ACTIVE_COMPILATION_CONDITIONS = "DEBUG $(inherited)";
				SWIFT_OPTIMIZATION_LEVEL = "-Onone";
			};
			name = Debug;
		};
		AA700011 /* Release */ = {
			isa = XCBuildConfiguration;
			buildSettings = {
				ALWAYS_SEARCH_USER_PATHS = NO;
				ASSETCATALOG_COMPILER_GENERATE_SWIFT_ASSET_SYMBOL_EXTENSIONS = YES;
				CLANG_ANALYZER_NONNULL = YES;
				CLANG_ANALYZER_NUMBER_OBJECT_CONVERSION = YES_AGGRESSIVE;
				CLANG_CXX_LANGUAGE_STANDARD = "gnu++20";
				CLANG_ENABLE_MODULES = YES;
				CLANG_ENABLE_OBJC_ARC = YES;
				CLANG_ENABLE_OBJC_WEAK = YES;
				CLANG_WARN_BLOCK_CAPTURE_AUTORELEASING = YES;
				CLANG_WARN_BOOL_CONVERSION = YES;
				CLANG_WARN_COMMA = YES;
				CLANG_WARN_CONSTANT_CONVERSION = YES;
				CLANG_WARN_DEPRECATED_OBJC_IMPLEMENTATIONS = YES;
				CLANG_WARN_DIRECT_OBJC_ISA_USAGE = YES_ERROR;
				CLANG_WARN_DOCUMENTATION_COMMENTS = YES;
				CLANG_WARN_EMPTY_BODY = YES;
				CLANG_WARN_ENUM_CONVERSION = YES;
				CLANG_WARN_INFINITE_RECURSION = YES;
				CLANG_WARN_INT_CONVERSION = YES;
				CLANG_WARN_NON_LITERAL_NULL_CONVERSION = YES;
				CLANG_WARN_OBJC_IMPLICIT_RETAIN_CYCLE = YES;
				CLANG_WARN_OBJC_LITERAL_CONVERSION = YES;
				CLANG_WARN_OBJC_ROOT_CLASS = YES_ERROR;
				CLANG_WARN_QUOTED_INCLUDE_IN_FRAMEWORK_HEADER = YES;
				CLANG_WARN_RANGE_LOOP_ANALYSIS = YES;
				CLANG_WARN_STRICT_PROTOTYPES = YES;
				CLANG_WARN_SUSPICIOUS_MOVE = YES;
				CLANG_WARN_UNGUARDED_AVAILABILITY = YES_AGGRESSIVE;
				CLANG_WARN_UNREACHABLE_CODE = YES;
				CLANG_WARN__DUPLICATE_METHOD_MATCH = YES;
				COPY_PHASE_STRIP = NO;
				DEBUG_INFORMATION_FORMAT = "dwarf-with-dsym";
				ENABLE_NS_ASSERTIONS = NO;
				ENABLE_STRICT_OBJC_MSGSEND = YES;
				ENABLE_USER_SCRIPT_SANDBOXING = YES;
				GCC_C_LANGUAGE_STANDARD = gnu17;
				GCC_NO_COMMON_BLOCKS = YES;
				GCC_WARN_64_TO_32_BIT_CONVERSION = YES;
				GCC_WARN_ABOUT_RETURN_TYPE = YES_ERROR;
				GCC_WARN_UNDECLARED_SELECTOR = YES;
				GCC_WARN_UNINITIALIZED_AUTOS = YES_AGGRESSIVE;
				GCC_WARN_UNUSED_FUNCTION = YES;
				GCC_WARN_UNUSED_VARIABLE = YES;
				IPHONEOS_DEPLOYMENT_TARGET = 17.0;
				MTL_FAST_MATH = YES;
				SDKROOT = iphoneos;
				SWIFT_COMPILATION_MODE = wholemodule;
				VALIDATE_PRODUCT = YES;
			};
			name = Release;
		};
		AA700020 /* Debug */ = {
			isa = XCBuildConfiguration;
			buildSettings = {
				ASSETCATALOG_COMPILER_APPICON_NAME = AppIcon;
				ASSETCATALOG_COMPILER_GLOBAL_ACCENT_COLOR_NAME = AccentColor;
				CODE_SIGN_STYLE = Automatic;
				CURRENT_PROJECT_VERSION = 1;
				DEVELOPMENT_ASSET_PATHS = "";
				ENABLE_PREVIEWS = YES;
				GENERATE_INFOPLIST_FILE = NO;
				INFOPLIST_FILE = Fancis/Info.plist;
				IPHONEOS_DEPLOYMENT_TARGET = 17.0;
				LD_RUNPATH_SEARCH_PATHS = (
					"$(inherited)",
					"@executable_path/Frameworks",
				);
				MARKETING_VERSION = 1.0;
				PRODUCT_BUNDLE_IDENTIFIER = com.fancis.app;
				PRODUCT_NAME = "$(TARGET_NAME)";
				SWIFT_EMIT_LOC_STRINGS = YES;
				SWIFT_VERSION = 5.0;
				TARGETED_DEVICE_FAMILY = 1;
			};
			name = Debug;
		};
		AA700021 /* Release */ = {
			isa = XCBuildConfiguration;
			buildSettings = {
				ASSETCATALOG_COMPILER_APPICON_NAME = AppIcon;
				ASSETCATALOG_COMPILER_GLOBAL_ACCENT_COLOR_NAME = AccentColor;
				CODE_SIGN_STYLE = Automatic;
				CURRENT_PROJECT_VERSION = 1;
				DEVELOPMENT_ASSET_PATHS = "";
				ENABLE_PREVIEWS = YES;
				GENERATE_INFOPLIST_FILE = NO;
				INFOPLIST_FILE = Fancis/Info.plist;
				IPHONEOS_DEPLOYMENT_TARGET = 17.0;
				LD_RUNPATH_SEARCH_PATHS = (
					"$(inherited)",
					"@executable_path/Frameworks",
				);
				MARKETING_VERSION = 1.0;
				PRODUCT_BUNDLE_IDENTIFIER = com.fancis.app;
				PRODUCT_NAME = "$(TARGET_NAME)";
				SWIFT_EMIT_LOC_STRINGS = YES;
				SWIFT_VERSION = 5.0;
				TARGETED_DEVICE_FAMILY = 1;
			};
			name = Release;
		};
/* End XCBuildConfiguration section */

/* Begin XCConfigurationList section */
		AA700001 /* Build configuration list for PBXProject "Fancis" */ = {
			isa = XCConfigurationList;
			buildConfigurations = (
				AA700010 /* Debug */,
				AA700011 /* Release */,
			);
			defaultConfigurationIsVisible = 0;
			defaultConfigurationName = Release;
		};
		AA700002 /* Build configuration list for PBXNativeTarget "Fancis" */ = {
			isa = XCConfigurationList;
			buildConfigurations = (
				AA700020 /* Debug */,
				AA700021 /* Release */,
			);
			defaultConfigurationIsVisible = 0;
			defaultConfigurationName = Release;
		};
/* End XCConfigurationList section */

	};
	rootObject = AA900001 /* Project object */;
}
